
Microsoft Visual Studio Solution File, Format Version 12.00
# Visual Studio Version 17
VisualStudioVersion = 17.8.34408.163
MinimumVisualStudioVersion = 10.0.40219.1
Project("{FAE04EC0-301F-11D3-BF4B-00C04F79EFBC}") = "teste2", "teste2.csproj", "{B51A95AB-2D28-4CE2-B34D-237153F439D0}"
EndProject
Global
	GlobalSection(SolutionConfigurationPlatforms) = preSolution
		Debug|Any CPU = Debug|Any CPU
		Release|Any CPU = Release|Any CPU
	EndGlobalSection
	GlobalSection(ProjectConfigurationPlatforms) = postSolution
		{B51A95AB-2D28-4CE2-B34D-237153F439D0}.Debug|Any CPU.ActiveCfg = Debug|Any CPU
		{B51A95AB-2D28-4CE2-B34D-237153F439D0}.Debug|Any CPU.Build.0 = Debug|Any CPU
		{B51A95AB-2D28-4CE2-B34D-237153F439D0}.Release|Any CPU.ActiveCfg = Release|Any CPU
		{B51A95AB-2D28-4CE2-B34D-237153F439D0}.Release|Any CPU.Build.0 = Release|Any CPU
	EndGlobalSection
	GlobalSection(SolutionProperties) = preSolution
		HideSolutionNode = FALSE
	EndGlobalSection
	GlobalSection(ExtensibilityGlobals) = postSolution
		SolutionGuid = {4E67ACB3-E437-4D82-9CA2-3BF081E30E63}
	EndGlobalSection
EndGlobal
